
Microsoft Visual Studio Solution File, Format Version 12.00
# Visual Studio Version 17
VisualStudioVersion = 17.3.32929.385
MinimumVisualStudioVersion = 10.0.40219.1
Project("{8BC9CEB8-8B4A-11D0-8D11-00A0C91BC942}") = "Library", "..\..\Library\Library.prj\Library.vcxproj", "{CF57F3EC-D3DB-4469-8519-3F9D73785D9B}"
	ProjectSection(ProjectDependencies) = postProject
		{87E6927E-F6A1-4A58-BE3F-F6BB65DA39DD} = {87E6927E-F6A1-4A58-BE3F-F6BB65DA39DD}
		{93A8B622-BA54-4A41-B456-9AB2629A5607} = {93A8B622-BA54-4A41-B456-9AB2629A5607}
		{A24D8786-F273-48D7-A306-4E3DFAF41347} = {A24D8786-F273-48D7-A306-4E3DFAF41347}
	EndProjectSection
EndProject
Project("{930C7802-8A8C-48F9-8165-68863BCCD9DD}") = "DialogApp.wix", "..\DialogApp.wix\DialogApp.wix.wixproj", "{A6ADAE4F-432E-4BE0-BFBC-85FDEFE7A6CE}"
	ProjectSection(ProjectDependencies) = postProject
		{04A5A256-D474-44DE-89F3-EF00F06D1226} = {04A5A256-D474-44DE-89F3-EF00F06D1226}
		{150DED69-871C-491F-A49A-38598909E792} = {150DED69-871C-491F-A49A-38598909E792}
		{76210CAD-9EB1-4493-8592-E3575DE8FC20} = {76210CAD-9EB1-4493-8592-E3575DE8FC20}
		{87E6927E-F6A1-4A58-BE3F-F6BB65DA39DD} = {87E6927E-F6A1-4A58-BE3F-F6BB65DA39DD}
		{892912CC-5A92-4843-898E-A6F6A2263669} = {892912CC-5A92-4843-898E-A6F6A2263669}
		{93A8B622-BA54-4A41-B456-9AB2629A5607} = {93A8B622-BA54-4A41-B456-9AB2629A5607}
		{A24D8786-F273-48D7-A306-4E3DFAF41347} = {A24D8786-F273-48D7-A306-4E3DFAF41347}
		{CF57F3EC-D3DB-4469-8519-3F9D73785D9B} = {CF57F3EC-D3DB-4469-8519-3F9D73785D9B}
	EndProjectSection
EndProject
Project("{930C7802-8A8C-48F9-8165-68863BCCD9DD}") = "AppT3mplate.wix", "..\AppT3mplate.wix\AppT3mplate.wix.wixproj", "{892912CC-5A92-4843-898E-A6F6A2263669}"
	ProjectSection(ProjectDependencies) = postProject
		{04A5A256-D474-44DE-89F3-EF00F06D1226} = {04A5A256-D474-44DE-89F3-EF00F06D1226}
		{150DED69-871C-491F-A49A-38598909E792} = {150DED69-871C-491F-A49A-38598909E792}
		{76210CAD-9EB1-4493-8592-E3575DE8FC20} = {76210CAD-9EB1-4493-8592-E3575DE8FC20}
		{87E6927E-F6A1-4A58-BE3F-F6BB65DA39DD} = {87E6927E-F6A1-4A58-BE3F-F6BB65DA39DD}
		{93A8B622-BA54-4A41-B456-9AB2629A5607} = {93A8B622-BA54-4A41-B456-9AB2629A5607}
		{A24D8786-F273-48D7-A306-4E3DFAF41347} = {A24D8786-F273-48D7-A306-4E3DFAF41347}
		{CF57F3EC-D3DB-4469-8519-3F9D73785D9B} = {CF57F3EC-D3DB-4469-8519-3F9D73785D9B}
	EndProjectSection
EndProject
Project("{8BC9CEB8-8B4A-11D0-8D11-00A0C91BC942}") = "AppT3mplate.hlp", "..\AppT3mplate.hlp\AppT3mplate.hlp.vcxproj", "{93A8B622-BA54-4A41-B456-9AB2629A5607}"
EndProject
Project("{8BC9CEB8-8B4A-11D0-8D11-00A0C91BC942}") = "DialogApp.hlp", "..\DialogApp.hlp\DialogApp.hlp.vcxproj", "{A24D8786-F273-48D7-A306-4E3DFAF41347}"
EndProject
Project("{8BC9CEB8-8B4A-11D0-8D11-00A0C91BC942}") = "MakeApp.hlp", "..\MakeApp.hlp\MakeApp.hlp.vcxproj", "{87E6927E-F6A1-4A58-BE3F-F6BB65DA39DD}"
EndProject
Project("{930C7802-8A8C-48F9-8165-68863BCCD9DD}") = "MakeApp.wix", "..\MakeApp.wix\MakeApp.wix.wixproj", "{99D9B3E6-B571-4754-B26A-F6CBF6521395}"
EndProject
Project("{8BC9CEB8-8B4A-11D0-8D11-00A0C91BC942}") = "AppT3mplate", "..\AppT3mplate.prj\AppT3mplate.vcxproj", "{04A5A256-D474-44DE-89F3-EF00F06D1226}"
EndProject
Project("{8BC9CEB8-8B4A-11D0-8D11-00A0C91BC942}") = "DialogApp", "..\DialogApp.prj\DialogApp.vcxproj", "{150DED69-871C-491F-A49A-38598909E792}"
EndProject
Project("{8BC9CEB8-8B4A-11D0-8D11-00A0C91BC942}") = "MakeApp", "..\MakeApp.prj\MakeApp.vcxproj", "{76210CAD-9EB1-4493-8592-E3575DE8FC20}"
EndProject
Global
	GlobalSection(SolutionConfigurationPlatforms) = preSolution
		Debug|Win32 = Debug|Win32
		Release|Win32 = Release|Win32
	EndGlobalSection
	GlobalSection(ProjectConfigurationPlatforms) = postSolution
		{CF57F3EC-D3DB-4469-8519-3F9D73785D9B}.Debug|Win32.ActiveCfg = Debug|Win32
		{CF57F3EC-D3DB-4469-8519-3F9D73785D9B}.Debug|Win32.Build.0 = Debug|Win32
		{CF57F3EC-D3DB-4469-8519-3F9D73785D9B}.Release|Win32.ActiveCfg = Release|Win32
		{CF57F3EC-D3DB-4469-8519-3F9D73785D9B}.Release|Win32.Build.0 = Release|Win32
		{A6ADAE4F-432E-4BE0-BFBC-85FDEFE7A6CE}.Debug|Win32.ActiveCfg = Debug|x86
		{A6ADAE4F-432E-4BE0-BFBC-85FDEFE7A6CE}.Release|Win32.ActiveCfg = Release|x86
		{A6ADAE4F-432E-4BE0-BFBC-85FDEFE7A6CE}.Release|Win32.Build.0 = Release|x86
		{892912CC-5A92-4843-898E-A6F6A2263669}.Debug|Win32.ActiveCfg = Debug|x86
		{892912CC-5A92-4843-898E-A6F6A2263669}.Release|Win32.ActiveCfg = Release|x86
		{892912CC-5A92-4843-898E-A6F6A2263669}.Release|Win32.Build.0 = Release|x86
		{93A8B622-BA54-4A41-B456-9AB2629A5607}.Debug|Win32.ActiveCfg = Debug|Win32
		{93A8B622-BA54-4A41-B456-9AB2629A5607}.Debug|Win32.Build.0 = Debug|Win32
		{93A8B622-BA54-4A41-B456-9AB2629A5607}.Release|Win32.ActiveCfg = Release|Win32
		{93A8B622-BA54-4A41-B456-9AB2629A5607}.Release|Win32.Build.0 = Release|Win32
		{A24D8786-F273-48D7-A306-4E3DFAF41347}.Debug|Win32.ActiveCfg = Debug|Win32
		{A24D8786-F273-48D7-A306-4E3DFAF41347}.Debug|Win32.Build.0 = Debug|Win32
		{A24D8786-F273-48D7-A306-4E3DFAF41347}.Release|Win32.ActiveCfg = Release|Win32
		{A24D8786-F273-48D7-A306-4E3DFAF41347}.Release|Win32.Build.0 = Release|Win32
		{87E6927E-F6A1-4A58-BE3F-F6BB65DA39DD}.Debug|Win32.ActiveCfg = Debug|Win32
		{87E6927E-F6A1-4A58-BE3F-F6BB65DA39DD}.Debug|Win32.Build.0 = Debug|Win32
		{87E6927E-F6A1-4A58-BE3F-F6BB65DA39DD}.Release|Win32.ActiveCfg = Release|Win32
		{87E6927E-F6A1-4A58-BE3F-F6BB65DA39DD}.Release|Win32.Build.0 = Release|Win32
		{99D9B3E6-B571-4754-B26A-F6CBF6521395}.Debug|Win32.ActiveCfg = Debug|x86
		{99D9B3E6-B571-4754-B26A-F6CBF6521395}.Release|Win32.ActiveCfg = Release|x86
		{99D9B3E6-B571-4754-B26A-F6CBF6521395}.Release|Win32.Build.0 = Release|x86
		{04A5A256-D474-44DE-89F3-EF00F06D1226}.Debug|Win32.ActiveCfg = Debug|Win32
		{04A5A256-D474-44DE-89F3-EF00F06D1226}.Debug|Win32.Build.0 = Debug|Win32
		{04A5A256-D474-44DE-89F3-EF00F06D1226}.Release|Win32.ActiveCfg = Release|Win32
		{04A5A256-D474-44DE-89F3-EF00F06D1226}.Release|Win32.Build.0 = Release|Win32
		{150DED69-871C-491F-A49A-38598909E792}.Debug|Win32.ActiveCfg = Debug|Win32
		{150DED69-871C-491F-A49A-38598909E792}.Debug|Win32.Build.0 = Debug|Win32
		{150DED69-871C-491F-A49A-38598909E792}.Release|Win32.ActiveCfg = Release|Win32
		{150DED69-871C-491F-A49A-38598909E792}.Release|Win32.Build.0 = Release|Win32
		{76210CAD-9EB1-4493-8592-E3575DE8FC20}.Debug|Win32.ActiveCfg = Debug|Win32
		{76210CAD-9EB1-4493-8592-E3575DE8FC20}.Debug|Win32.Build.0 = Debug|Win32
		{76210CAD-9EB1-4493-8592-E3575DE8FC20}.Release|Win32.ActiveCfg = Release|Win32
		{76210CAD-9EB1-4493-8592-E3575DE8FC20}.Release|Win32.Build.0 = Release|Win32
	EndGlobalSection
	GlobalSection(SolutionProperties) = preSolution
		HideSolutionNode = FALSE
	EndGlobalSection
	GlobalSection(ExtensibilityGlobals) = postSolution
		SolutionGuid = {3BF58AAD-455B-481D-AAA0-0C53CBA10C7C}
	EndGlobalSection
EndGlobal
