
Microsoft Visual Studio Solution File, Format Version 12.00
# Visual Studio Version 17
VisualStudioVersion = 17.3.32929.385
MinimumVisualStudioVersion = 10.0.40219.1
Project("{8BC9CEB8-8B4A-11D0-8D11-00A0C91BC942}") = "Library", "..\..\Library\Library.prj\Library.vcxproj", "{CF57F3EC-D3DB-4469-8519-3F9D73785D9B}"
	ProjectSection(ProjectDependencies) = postProject
		{6AC8F159-3C5E-4FD0-B8C8-B7BD1D917EE7} = {6AC8F159-3C5E-4FD0-B8C8-B7BD1D917EE7}
		{87E6927E-F6A1-4A58-BE3F-F6BB65DA39DD} = {87E6927E-F6A1-4A58-BE3F-F6BB65DA39DD}
		{93A8B622-BA54-4A41-B456-9AB2629A5607} = {93A8B622-BA54-4A41-B456-9AB2629A5607}
	EndProjectSection
EndProject
Project("{8BC9CEB8-8B4A-11D0-8D11-00A0C91BC942}") = "MakeApp.hlp", "..\MakeApp.hlp\MakeApp.hlp.vcxproj", "{87E6927E-F6A1-4A58-BE3F-F6BB65DA39DD}"
EndProject
Project("{930C7802-8A8C-48F9-8165-68863BCCD9DD}") = "MakeApp.wix", "..\MakeApp.wix\MakeApp.wix.wixproj", "{99D9B3E6-B571-4754-B26A-F6CBF6521395}"
	ProjectSection(ProjectDependencies) = postProject
		{04A5A256-D474-44DE-89F3-EF00F06D1226} = {04A5A256-D474-44DE-89F3-EF00F06D1226}
		{1CFA5F71-F2BE-47AB-AFB1-9A91D62DCFB0} = {1CFA5F71-F2BE-47AB-AFB1-9A91D62DCFB0}
		{6AC8F159-3C5E-4FD0-B8C8-B7BD1D917EE7} = {6AC8F159-3C5E-4FD0-B8C8-B7BD1D917EE7}
		{76210CAD-9EB1-4493-8592-E3575DE8FC20} = {76210CAD-9EB1-4493-8592-E3575DE8FC20}
		{87E6927E-F6A1-4A58-BE3F-F6BB65DA39DD} = {87E6927E-F6A1-4A58-BE3F-F6BB65DA39DD}
		{892912CC-5A92-4843-898E-A6F6A2263669} = {892912CC-5A92-4843-898E-A6F6A2263669}
		{93A8B622-BA54-4A41-B456-9AB2629A5607} = {93A8B622-BA54-4A41-B456-9AB2629A5607}
		{CF57F3EC-D3DB-4469-8519-3F9D73785D9B} = {CF57F3EC-D3DB-4469-8519-3F9D73785D9B}
		{EDA5A39A-8A59-4C99-AA33-2D9EFB1927B1} = {EDA5A39A-8A59-4C99-AA33-2D9EFB1927B1}
	EndProjectSection
EndProject
Project("{8BC9CEB8-8B4A-11D0-8D11-00A0C91BC942}") = "MakeApp", "..\MakeApp.prj\MakeApp.vcxproj", "{76210CAD-9EB1-4493-8592-E3575DE8FC20}"
	ProjectSection(ProjectDependencies) = postProject
		{04A5A256-D474-44DE-89F3-EF00F06D1226} = {04A5A256-D474-44DE-89F3-EF00F06D1226}
		{6AC8F159-3C5E-4FD0-B8C8-B7BD1D917EE7} = {6AC8F159-3C5E-4FD0-B8C8-B7BD1D917EE7}
		{87E6927E-F6A1-4A58-BE3F-F6BB65DA39DD} = {87E6927E-F6A1-4A58-BE3F-F6BB65DA39DD}
		{93A8B622-BA54-4A41-B456-9AB2629A5607} = {93A8B622-BA54-4A41-B456-9AB2629A5607}
		{EDA5A39A-8A59-4C99-AA33-2D9EFB1927B1} = {EDA5A39A-8A59-4C99-AA33-2D9EFB1927B1}
	EndProjectSection
EndProject
Project("{8BC9CEB8-8B4A-11D0-8D11-00A0C91BC942}") = "AppT3mplate", "..\AppT3mplate.prj\AppT3mplate.vcxproj", "{04A5A256-D474-44DE-89F3-EF00F06D1226}"
	ProjectSection(ProjectDependencies) = postProject
		{6AC8F159-3C5E-4FD0-B8C8-B7BD1D917EE7} = {6AC8F159-3C5E-4FD0-B8C8-B7BD1D917EE7}
		{87E6927E-F6A1-4A58-BE3F-F6BB65DA39DD} = {87E6927E-F6A1-4A58-BE3F-F6BB65DA39DD}
		{93A8B622-BA54-4A41-B456-9AB2629A5607} = {93A8B622-BA54-4A41-B456-9AB2629A5607}
	EndProjectSection
EndProject
Project("{8BC9CEB8-8B4A-11D0-8D11-00A0C91BC942}") = "AppT3mplate.hlp", "..\AppT3mplate.hlp\AppT3mplate.hlp.vcxproj", "{93A8B622-BA54-4A41-B456-9AB2629A5607}"
EndProject
Project("{930C7802-8A8C-48F9-8165-68863BCCD9DD}") = "AppT3mplate.wix", "..\AppT3mplate.wix\AppT3mplate.wix.wixproj", "{892912CC-5A92-4843-898E-A6F6A2263669}"
	ProjectSection(ProjectDependencies) = postProject
		{04A5A256-D474-44DE-89F3-EF00F06D1226} = {04A5A256-D474-44DE-89F3-EF00F06D1226}
		{93A8B622-BA54-4A41-B456-9AB2629A5607} = {93A8B622-BA54-4A41-B456-9AB2629A5607}
		{CF57F3EC-D3DB-4469-8519-3F9D73785D9B} = {CF57F3EC-D3DB-4469-8519-3F9D73785D9B}
	EndProjectSection
EndProject
Project("{8BC9CEB8-8B4A-11D0-8D11-00A0C91BC942}") = "DialogApp.hlp", "..\Dialog4pp.hlp\Dialog4pp.hlp.vcxproj", "{6AC8F159-3C5E-4FD0-B8C8-B7BD1D917EE7}"
EndProject
Project("{8BC9CEB8-8B4A-11D0-8D11-00A0C91BC942}") = "Dialog4pp", "..\Dialog4pp.prj\Dialog4pp.vcxproj", "{EDA5A39A-8A59-4C99-AA33-2D9EFB1927B1}"
	ProjectSection(ProjectDependencies) = postProject
		{6AC8F159-3C5E-4FD0-B8C8-B7BD1D917EE7} = {6AC8F159-3C5E-4FD0-B8C8-B7BD1D917EE7}
	EndProjectSection
EndProject
Project("{930C7802-8A8C-48F9-8165-68863BCCD9DD}") = "Dialog4pp.wix", "..\Dialog4pp.wix\Dialog4pp.wix.wixproj", "{1CFA5F71-F2BE-47AB-AFB1-9A91D62DCFB0}"
	ProjectSection(ProjectDependencies) = postProject
		{04A5A256-D474-44DE-89F3-EF00F06D1226} = {04A5A256-D474-44DE-89F3-EF00F06D1226}
		{6AC8F159-3C5E-4FD0-B8C8-B7BD1D917EE7} = {6AC8F159-3C5E-4FD0-B8C8-B7BD1D917EE7}
		{93A8B622-BA54-4A41-B456-9AB2629A5607} = {93A8B622-BA54-4A41-B456-9AB2629A5607}
		{EDA5A39A-8A59-4C99-AA33-2D9EFB1927B1} = {EDA5A39A-8A59-4C99-AA33-2D9EFB1927B1}
	EndProjectSection
EndProject
Global
	GlobalSection(SolutionConfigurationPlatforms) = preSolution
		Debug|Win32 = Debug|Win32
		Release|Win32 = Release|Win32
	EndGlobalSection
	GlobalSection(ProjectConfigurationPlatforms) = postSolution
		{CF57F3EC-D3DB-4469-8519-3F9D73785D9B}.Debug|Win32.ActiveCfg = Debug|Win32
		{CF57F3EC-D3DB-4469-8519-3F9D73785D9B}.Debug|Win32.Build.0 = Debug|Win32
		{CF57F3EC-D3DB-4469-8519-3F9D73785D9B}.Release|Win32.ActiveCfg = Release|Win32
		{CF57F3EC-D3DB-4469-8519-3F9D73785D9B}.Release|Win32.Build.0 = Release|Win32
		{87E6927E-F6A1-4A58-BE3F-F6BB65DA39DD}.Debug|Win32.ActiveCfg = Debug|Win32
		{87E6927E-F6A1-4A58-BE3F-F6BB65DA39DD}.Debug|Win32.Build.0 = Debug|Win32
		{87E6927E-F6A1-4A58-BE3F-F6BB65DA39DD}.Release|Win32.ActiveCfg = Release|Win32
		{87E6927E-F6A1-4A58-BE3F-F6BB65DA39DD}.Release|Win32.Build.0 = Release|Win32
		{99D9B3E6-B571-4754-B26A-F6CBF6521395}.Debug|Win32.ActiveCfg = Debug|x86
		{99D9B3E6-B571-4754-B26A-F6CBF6521395}.Release|Win32.ActiveCfg = Release|x86
		{99D9B3E6-B571-4754-B26A-F6CBF6521395}.Release|Win32.Build.0 = Release|x86
		{76210CAD-9EB1-4493-8592-E3575DE8FC20}.Debug|Win32.ActiveCfg = Debug|Win32
		{76210CAD-9EB1-4493-8592-E3575DE8FC20}.Debug|Win32.Build.0 = Debug|Win32
		{76210CAD-9EB1-4493-8592-E3575DE8FC20}.Release|Win32.ActiveCfg = Release|Win32
		{76210CAD-9EB1-4493-8592-E3575DE8FC20}.Release|Win32.Build.0 = Release|Win32
		{04A5A256-D474-44DE-89F3-EF00F06D1226}.Debug|Win32.ActiveCfg = Debug|Win32
		{04A5A256-D474-44DE-89F3-EF00F06D1226}.Debug|Win32.Build.0 = Debug|Win32
		{04A5A256-D474-44DE-89F3-EF00F06D1226}.Release|Win32.ActiveCfg = Release|Win32
		{04A5A256-D474-44DE-89F3-EF00F06D1226}.Release|Win32.Build.0 = Release|Win32
		{93A8B622-BA54-4A41-B456-9AB2629A5607}.Debug|Win32.ActiveCfg = Debug|Win32
		{93A8B622-BA54-4A41-B456-9AB2629A5607}.Debug|Win32.Build.0 = Debug|Win32
		{93A8B622-BA54-4A41-B456-9AB2629A5607}.Release|Win32.ActiveCfg = Release|Win32
		{93A8B622-BA54-4A41-B456-9AB2629A5607}.Release|Win32.Build.0 = Release|Win32
		{892912CC-5A92-4843-898E-A6F6A2263669}.Debug|Win32.ActiveCfg = Debug|x86
		{892912CC-5A92-4843-898E-A6F6A2263669}.Release|Win32.ActiveCfg = Release|x86
		{892912CC-5A92-4843-898E-A6F6A2263669}.Release|Win32.Build.0 = Release|x86
		{6AC8F159-3C5E-4FD0-B8C8-B7BD1D917EE7}.Debug|Win32.ActiveCfg = Debug|Win32
		{6AC8F159-3C5E-4FD0-B8C8-B7BD1D917EE7}.Debug|Win32.Build.0 = Debug|Win32
		{6AC8F159-3C5E-4FD0-B8C8-B7BD1D917EE7}.Release|Win32.ActiveCfg = Release|Win32
		{6AC8F159-3C5E-4FD0-B8C8-B7BD1D917EE7}.Release|Win32.Build.0 = Release|Win32
		{EDA5A39A-8A59-4C99-AA33-2D9EFB1927B1}.Debug|Win32.ActiveCfg = Debug|Win32
		{EDA5A39A-8A59-4C99-AA33-2D9EFB1927B1}.Debug|Win32.Build.0 = Debug|Win32
		{EDA5A39A-8A59-4C99-AA33-2D9EFB1927B1}.Release|Win32.ActiveCfg = Release|Win32
		{EDA5A39A-8A59-4C99-AA33-2D9EFB1927B1}.Release|Win32.Build.0 = Release|Win32
		{1CFA5F71-F2BE-47AB-AFB1-9A91D62DCFB0}.Debug|Win32.ActiveCfg = Debug|x86
		{1CFA5F71-F2BE-47AB-AFB1-9A91D62DCFB0}.Release|Win32.ActiveCfg = Release|x86
		{1CFA5F71-F2BE-47AB-AFB1-9A91D62DCFB0}.Release|Win32.Build.0 = Release|x86
	EndGlobalSection
	GlobalSection(SolutionProperties) = preSolution
		HideSolutionNode = FALSE
	EndGlobalSection
	GlobalSection(ExtensibilityGlobals) = postSolution
		SolutionGuid = {3BF58AAD-455B-481D-AAA0-0C53CBA10C7C}
	EndGlobalSection
EndGlobal
