
Microsoft Visual Studio Solution File, Format Version 12.00
# Visual Studio Version 17
VisualStudioVersion = 17.3.32929.385
MinimumVisualStudioVersion = 10.0.40219.1
Project("{8BC9CEB8-8B4A-11D0-8D11-00A0C91BC942}") = "DialogApp", "..\DialogApp.prj\DialogApp.vcxproj", "{150DED69-871C-491F-A49A-38598909E792}"
	ProjectSection(ProjectDependencies) = postProject
		{A24D8786-F273-48D7-A306-4E3DFAF41347} = {A24D8786-F273-48D7-A306-4E3DFAF41347}
	EndProjectSection
EndProject
Project("{8BC9CEB8-8B4A-11D0-8D11-00A0C91BC942}") = "Library", "..\..\Library\Library.prj\Library.vcxproj", "{CF57F3EC-D3DB-4469-8519-3F9D73785D9B}"
	ProjectSection(ProjectDependencies) = postProject
		{A24D8786-F273-48D7-A306-4E3DFAF41347} = {A24D8786-F273-48D7-A306-4E3DFAF41347}
	EndProjectSection
EndProject
Project("{8BC9CEB8-8B4A-11D0-8D11-00A0C91BC942}") = "DialogApp.hlp", "..\DialogApp.hlp\DialogApp.hlp.vcxproj", "{A24D8786-F273-48D7-A306-4E3DFAF41347}"
EndProject
Project("{930C7802-8A8C-48F9-8165-68863BCCD9DD}") = "DialogApp.wix", "..\DialogApp.wix\DialogApp.wix.wixproj", "{A6ADAE4F-432E-4BE0-BFBC-85FDEFE7A6CE}"
EndProject
Global
	GlobalSection(SolutionConfigurationPlatforms) = preSolution
		Debug|Win32 = Debug|Win32
		Release|Win32 = Release|Win32
	EndGlobalSection
	GlobalSection(ProjectConfigurationPlatforms) = postSolution
		{150DED69-871C-491F-A49A-38598909E792}.Debug|Win32.ActiveCfg = Debug|Win32
		{150DED69-871C-491F-A49A-38598909E792}.Debug|Win32.Build.0 = Debug|Win32
		{150DED69-871C-491F-A49A-38598909E792}.Release|Win32.ActiveCfg = Release|Win32
		{150DED69-871C-491F-A49A-38598909E792}.Release|Win32.Build.0 = Release|Win32
		{CF57F3EC-D3DB-4469-8519-3F9D73785D9B}.Debug|Win32.ActiveCfg = Debug|Win32
		{CF57F3EC-D3DB-4469-8519-3F9D73785D9B}.Debug|Win32.Build.0 = Debug|Win32
		{CF57F3EC-D3DB-4469-8519-3F9D73785D9B}.Release|Win32.ActiveCfg = Release|Win32
		{CF57F3EC-D3DB-4469-8519-3F9D73785D9B}.Release|Win32.Build.0 = Release|Win32
		{A24D8786-F273-48D7-A306-4E3DFAF41347}.Debug|Win32.ActiveCfg = Debug|Win32
		{A24D8786-F273-48D7-A306-4E3DFAF41347}.Debug|Win32.Build.0 = Debug|Win32
		{A24D8786-F273-48D7-A306-4E3DFAF41347}.Release|Win32.ActiveCfg = Release|Win32
		{A24D8786-F273-48D7-A306-4E3DFAF41347}.Release|Win32.Build.0 = Release|Win32
		{A6ADAE4F-432E-4BE0-BFBC-85FDEFE7A6CE}.Debug|Win32.ActiveCfg = Debug|x86
		{A6ADAE4F-432E-4BE0-BFBC-85FDEFE7A6CE}.Release|Win32.ActiveCfg = Release|x86
		{A6ADAE4F-432E-4BE0-BFBC-85FDEFE7A6CE}.Release|Win32.Build.0 = Release|x86
	EndGlobalSection
	GlobalSection(SolutionProperties) = preSolution
		HideSolutionNode = FALSE
	EndGlobalSection
	GlobalSection(ExtensibilityGlobals) = postSolution
		SolutionGuid = {B5A1D389-0748-450D-8BD6-5E9ECF12FAD2}
	EndGlobalSection
EndGlobal
