
Microsoft Visual Studio Solution File, Format Version 12.00
# Visual Studio 15
VisualStudioVersion = 15.0.28307.1000
MinimumVisualStudioVersion = 10.0.40219.1
Project("{ACAEDE76-17E5-454D-944E-DC166B870282}") = "TestApp", "..\TestApp.proj\TestApp.vcxproj", "{A5D05C14-7EB2-4B46-9DDF-CA03417D12E1}"
EndProject
Project("{ACAEDE76-17E5-454D-944E-DC166B870282}") = "LibUni7", "..\..\..\Sources\Library\LibUni7\LibUni7.vcxproj", "{1A658146-025B-4557-AF85-BCE8DE93C300}"
EndProject
Global
	GlobalSection(SolutionConfigurationPlatforms) = preSolution
		Debug|x86 = Debug|x86
		Release|x86 = Release|x86
	EndGlobalSection
	GlobalSection(ProjectConfigurationPlatforms) = postSolution
		{A5D05C14-7EB2-4B46-9DDF-CA03417D12E1}.Debug|x86.ActiveCfg = Debug|Win32
		{A5D05C14-7EB2-4B46-9DDF-CA03417D12E1}.Debug|x86.Build.0 = Debug|Win32
		{A5D05C14-7EB2-4B46-9DDF-CA03417D12E1}.Release|x86.ActiveCfg = Release|Win32
		{A5D05C14-7EB2-4B46-9DDF-CA03417D12E1}.Release|x86.Build.0 = Release|Win32
		{1A658146-025B-4557-AF85-BCE8DE93C300}.Debug|x86.ActiveCfg = Debug|Win32
		{1A658146-025B-4557-AF85-BCE8DE93C300}.Debug|x86.Build.0 = Debug|Win32
		{1A658146-025B-4557-AF85-BCE8DE93C300}.Release|x86.ActiveCfg = Release|Win32
		{1A658146-025B-4557-AF85-BCE8DE93C300}.Release|x86.Build.0 = Release|Win32
	EndGlobalSection
	GlobalSection(SolutionProperties) = preSolution
		HideSolutionNode = FALSE
	EndGlobalSection
	GlobalSection(ExtensibilityGlobals) = postSolution
		SolutionGuid = {DFCA9EBD-837E-453C-9C0E-1950F8EB5BB6}
	EndGlobalSection
EndGlobal
