<?xml version="1.0" encoding="utf-8"?>
<Project ToolsVersion="4.0" xmlns="http://schemas.microsoft.com/developer/msbuild/2003">
  <ItemGroup>
    <Filter Include="Source Files">
      <UniqueIdentifier>{4FC737F1-C7A5-4376-A066-2A32D752A2FF}</UniqueIdentifier>
      <Extensions>cpp;c;cc;cxx;def;odl;idl;hpj;bat;asm;asmx</Extensions>
    </Filter>
    <Filter Include="Header Files">
      <UniqueIdentifier>{93995380-89BD-4b04-88EB-625FBE52EBFB}</UniqueIdentifier>
      <Extensions>h;hh;hpp;hxx;hm;inl;inc;ipp;xsd</Extensions>
    </Filter>
    <Filter Include="Resource Files">
      <UniqueIdentifier>{67DA6AB6-F800-4c08-8B7A-83BB121AAD01}</UniqueIdentifier>
      <Extensions>rc;ico;cur;bmp;dlg;rc2;rct;bin;rgs;gif;jpg;jpeg;jpe;resx;tiff;tif;png;wav;mfcribbon-ms</Extensions>
    </Filter>
  </ItemGroup>
  <ItemGroup>
    <ClInclude Include="targetver.h">
      <Filter>Header Files</Filter>
    </ClInclude>
    <ClInclude Include="MainFrm.h">
      <Filter>Header Files</Filter>
    </ClInclude>
    <ClInclude Include="Resource.h">
      <Filter>Header Files</Filter>
    </ClInclude>
    <ClInclude Include="stdafx.h">
      <Filter>Header Files</Filter>
    </ClInclude>
    <ClInclude Include="..\..\..\Sources\Library\AboutFiles\About.h">
      <Filter>Header Files</Filter>
    </ClInclude>
    <ClInclude Include="MakeApp.h">
      <Filter>Header Files</Filter>
    </ClInclude>
    <ClInclude Include="MakeAppDoc.h">
      <Filter>Header Files</Filter>
    </ClInclude>
    <ClInclude Include="MakeAppView.h">
      <Filter>Header Files</Filter>
    </ClInclude>
    <ClInclude Include="ProjectName.h">
      <Filter>Header Files</Filter>
    </ClInclude>
    <ClInclude Include="ManageGuid.h">
      <Filter>Header Files</Filter>
    </ClInclude>
    <ClInclude Include="SlickEdit.h">
      <Filter>Header Files</Filter>
    </ClInclude>
    <ClInclude Include="FData.h">
      <Filter>Header Files</Filter>
    </ClInclude>
  </ItemGroup>
  <ItemGroup>
    <ClCompile Include="MainFrm.cpp">
      <Filter>Source Files</Filter>
    </ClCompile>
    <ClCompile Include="stdafx.cpp">
      <Filter>Source Files</Filter>
    </ClCompile>
    <ClCompile Include="..\..\..\Sources\Library\AboutFiles\About.cpp">
      <Filter>Source Files</Filter>
    </ClCompile>
    <ClCompile Include="MakeApp.cpp">
      <Filter>Source Files</Filter>
    </ClCompile>
    <ClCompile Include="MakeAppDoc.cpp">
      <Filter>Source Files</Filter>
    </ClCompile>
    <ClCompile Include="MakeAppView.cpp">
      <Filter>Source Files</Filter>
    </ClCompile>
    <ClCompile Include="ProjectName.cpp">
      <Filter>Source Files</Filter>
    </ClCompile>
    <ClCompile Include="ManageGuid.cpp">
      <Filter>Source Files</Filter>
    </ClCompile>
    <ClCompile Include="SlickEdit.cpp">
      <Filter>Source Files</Filter>
    </ClCompile>
    <ClCompile Include="FData.cpp">
      <Filter>Source Files</Filter>
    </ClCompile>
  </ItemGroup>
  <ItemGroup>
    <None Include="..\..\..\Sources\Library\AboutFiles\About.rc2">
      <Filter>Resource Files</Filter>
    </None>
    <None Include="..\README.md" />
    <None Include="res\MakeApp.rc2">
      <Filter>Resource Files</Filter>
    </None>
  </ItemGroup>
  <ItemGroup>
    <Image Include="res\MakeApp.ico">
      <Filter>Resource Files</Filter>
    </Image>
    <Image Include="res\MakeAppDoc.ico">
      <Filter>Resource Files</Filter>
    </Image>
    <Image Include="res\Toolbar05.bmp">
      <Filter>Resource Files</Filter>
    </Image>
    <Image Include="res\Toolbar08.bmp">
      <Filter>Resource Files</Filter>
    </Image>
  </ItemGroup>
  <ItemGroup>
    <ResourceCompile Include="MakeApp.rc">
      <Filter>Resource Files</Filter>
    </ResourceCompile>
  </ItemGroup>
</Project>